
Microsoft Visual Studio Solution File, Format Version 12.00
# Visual Studio Version 17
VisualStudioVersion = 17.4.33103.184
MinimumVisualStudioVersion = 10.0.40219.1
Project("{9A19103F-16F7-4668-BE54-9A1E7A4F7556}") = "PlaywrightTests", "PlaywrightTests.csproj", "{C383C954-F807-48D3-8D4A-F9E962A75475}"
EndProject
Global
	GlobalSection(SolutionConfigurationPlatforms) = preSolution
		Debug|Any CPU = Debug|Any CPU
		Release|Any CPU = Release|Any CPU
	EndGlobalSection
	GlobalSection(ProjectConfigurationPlatforms) = postSolution
		{C383C954-F807-48D3-8D4A-F9E962A75475}.Debug|Any CPU.ActiveCfg = Debug|Any CPU
		{C383C954-F807-48D3-8D4A-F9E962A75475}.Debug|Any CPU.Build.0 = Debug|Any CPU
		{C383C954-F807-48D3-8D4A-F9E962A75475}.Release|Any CPU.ActiveCfg = Release|Any CPU
		{C383C954-F807-48D3-8D4A-F9E962A75475}.Release|Any CPU.Build.0 = Release|Any CPU
	EndGlobalSection
	GlobalSection(SolutionProperties) = preSolution
		HideSolutionNode = FALSE
	EndGlobalSection
	GlobalSection(ExtensibilityGlobals) = postSolution
		SolutionGuid = {65E1EF4A-A08B-4BF1-B9B3-4216DF6257B6}
	EndGlobalSection
EndGlobal
